<?xml version="1.0" encoding="utf-8"?>
<Project ToolsVersion="4.0" xmlns="http://schemas.microsoft.com/developer/msbuild/2003">
  <ItemGroup>
    <ClCompile Include="to_memory.cpp">
      <Filter>Source Files</Filter>
    </ClCompile>
    <ClCompile Include="assembler.cpp">
      <Filter>Source Files</Filter>
    </ClCompile>
    <ClCompile Include="maketest.cpp">
      <Filter>Source Files</Filter>
    </ClCompile>
    <ClCompile Include="from_memory.cpp">
      <Filter>Source Files</Filter>
    </ClCompile>
    <ClCompile Include="disassembler.cpp">
      <Filter>Source Files</Filter>
    </ClCompile>
    <ClCompile Include="parser.cpp">
      <Filter>Generated Files</Filter>
    </ClCompile>
    <ClCompile Include="scanner.cpp">
      <Filter>Generated Files</Filter>
    </ClCompile>
  </ItemGroup>
  <ItemGroup>
    <None Include="Makefile" />
    <None Include="scanner.l">
      <Filter>Source Files</Filter>
    </None>
    <None Include="parser.y">
      <Filter>Source Files</Filter>
    </None>
    <None Include="arithmetic.s">
      <Filter>Test Files</Filter>
    </None>
    <None Include="load_store.s">
      <Filter>Test Files</Filter>
    </None>
  </ItemGroup>
  <ItemGroup>
    <Filter Include="Source Files">
      <UniqueIdentifier>{4d1cf9f0-6c1e-4688-94bc-cc1f91788c1c}</UniqueIdentifier>
      <Extensions>cpp;l;y</Extensions>
    </Filter>
    <Filter Include="Header Files">
      <UniqueIdentifier>{08e57350-722e-4288-ae13-710b0d6d5779}</UniqueIdentifier>
      <Extensions>h</Extensions>
    </Filter>
    <Filter Include="Generated Files">
      <UniqueIdentifier>{6a61d018-1c6c-4e33-b16e-8c894e6d17d5}</UniqueIdentifier>
    </Filter>
    <Filter Include="Test Files">
      <UniqueIdentifier>{e9ad19f6-69ac-4cfd-aa21-e5a3f2080cfa}</UniqueIdentifier>
      <Extensions>s</Extensions>
    </Filter>
  </ItemGroup>
  <ItemGroup>
    <ClInclude Include="assembler.h">
      <Filter>Header Files</Filter>
    </ClInclude>
    <ClInclude Include="parser.h">
      <Filter>Generated Files</Filter>
    </ClInclude>
    <ClInclude Include="scanner.h">
      <Filter>Header Files</Filter>
    </ClInclude>
  </ItemGroup>
</Project>